
Microsoft Visual Studio Solution File, Format Version 12.00
# Visual Studio Version 16
VisualStudioVersion = 16.0.29215.179
MinimumVisualStudioVersion = 10.0.40219.1
Project("{FAE04EC0-301F-11D3-BF4B-00C04F79EFBC}") = "BinarySearchDemo", "BinarySearchDemo.csproj", "{D3D83A87-8098-4D72-B579-4EAC0BAE78F9}"
EndProject
Global
	GlobalSection(SolutionConfigurationPlatforms) = preSolution
		Debug|Any CPU = Debug|Any CPU
		Release|Any CPU = Release|Any CPU
	EndGlobalSection
	GlobalSection(ProjectConfigurationPlatforms) = postSolution
		{D3D83A87-8098-4D72-B579-4EAC0BAE78F9}.Debug|Any CPU.ActiveCfg = Debug|Any CPU
		{D3D83A87-8098-4D72-B579-4EAC0BAE78F9}.Debug|Any CPU.Build.0 = Debug|Any CPU
		{D3D83A87-8098-4D72-B579-4EAC0BAE78F9}.Release|Any CPU.ActiveCfg = Release|Any CPU
		{D3D83A87-8098-4D72-B579-4EAC0BAE78F9}.Release|Any CPU.Build.0 = Release|Any CPU
	EndGlobalSection
	GlobalSection(SolutionProperties) = preSolution
		HideSolutionNode = FALSE
	EndGlobalSection
	GlobalSection(ExtensibilityGlobals) = postSolution
		SolutionGuid = {FD458D5B-5A45-4F1B-ACA0-8AE43AF7B7A6}
	EndGlobalSection
EndGlobal
